{
  "name": "restfulapigenerator",
  "version": "0.2.0",
  "lockfileVersion": 1,
  "dependencies": {
    "acorn": {
      "version": "https://registry.npmjs.org/acorn/-/acorn-3.3.0.tgz",
      "integrity": "sha1-ReN/s56No/JbruP/U2niu18iAXo="
    },
    "acorn-es7-plugin": {
      "version": "http://registry.npmjs.org/acorn-es7-plugin/-/acorn-es7-plugin-1.1.3.tgz",
      "integrity": "sha1-agMqcfH685ahopcpx7FQ/kgMwXo="
    },
    "bluebird": {
      "version": "https://registry.npm.taobao.org/bluebird/download/bluebird-2.10.2.tgz",
      "integrity": "sha1-AkpVFylTCIV/FPkfEQb8O1VfRGs="
    },
    "boom": {
      "version": "4.3.1",
      "resolved": "https://registry.npmjs.org/boom/-/boom-4.3.1.tgz",
      "integrity": "sha1-T4owBctKfjiJ90kDD9JbluAdLjE=",
      "dependencies": {
        "hoek": {
          "version": "4.2.0",
          "resolved": "https://registry.npmjs.org/hoek/-/hoek-4.2.0.tgz",
          "integrity": "sha512-v0XCLxICi9nPfYrS9RL8HbYnXi9obYAeLbSP00BmnZwCK9+Ih9WOjoZ8YoHCoav2csqn4FOz4Orldsy2dmDwmQ=="
        }
      }
    },
    "buffer-shims": {
      "version": "https://registry.npmjs.org/buffer-shims/-/buffer-shims-1.0.0.tgz",
      "integrity": "sha1-mXjOMXOIxkmth5MCjDR37wRKi1E="
    },
    "call-signature": {
      "version": "http://registry.npmjs.org/call-signature/-/call-signature-0.0.2.tgz",
      "integrity": "sha1-qEq8glpV70yysCi9dOIFpluaSZY="
    },
    "core-js": {
      "version": "https://registry.npmjs.org/core-js/-/core-js-2.4.1.tgz",
      "integrity": "sha1-TekR5mew6ukSTjQlS1OupvxhjT4="
    },
    "core-util-is": {
      "version": "https://registry.npmjs.org/core-util-is/-/core-util-is-1.0.2.tgz",
      "integrity": "sha1-tf1UIgqivFq1eqtxQMlAdUUDwac="
    },
    "diff-match-patch": {
      "version": "http://registry.npmjs.org/diff-match-patch/-/diff-match-patch-1.0.0.tgz",
      "integrity": "sha1-HMPIOkkNZ/ldkeOfatHy4Ia2MEg="
    },
    "eastasianwidth": {
      "version": "http://registry.npmjs.org/eastasianwidth/-/eastasianwidth-0.1.1.tgz",
      "integrity": "sha1-RNZW3p2kFWlEZzNTZfsxR7hXK3w="
    },
    "empower": {
      "version": "http://registry.npmjs.org/empower/-/empower-1.2.1.tgz",
      "integrity": "sha1-tjMCdBttUDokG/8RW+/JSMg2LGA="
    },
    "empower-core": {
      "version": "http://registry.npmjs.org/empower-core/-/empower-core-0.6.1.tgz",
      "integrity": "sha1-bBh/UC/O91VNV5MzlqrGVUg3crE="
    },
    "es6-promise": {
      "version": "https://registry.npm.taobao.org/es6-promise/download/es6-promise-3.2.1.tgz",
      "integrity": "sha1-7FYjOGgDKQkgcXDDlEjiREndH8Q="
    },
    "espurify": {
      "version": "http://registry.npmjs.org/espurify/-/espurify-1.6.0.tgz",
      "integrity": "sha1-bLmTWC2UIr1vLUsliq2xSDPzlPA="
    },
    "estraverse": {
      "version": "https://registry.npmjs.org/estraverse/-/estraverse-4.2.0.tgz",
      "integrity": "sha1-De4/7TH81GlhjOc0IJn8GvoL2xM="
    },
    "flocon-new": {
      "version": "https://registry.npmjs.org/flocon-new/-/flocon-new-0.0.7.tgz",
      "integrity": "sha1-uoMjIAqQbKmntFNxXHEcq03a+5Y="
    },
    "hapi": {
      "version": "http://registry.npmjs.org/hapi/-/hapi-15.2.0.tgz",
      "integrity": "sha1-VwTKLAS2OGwDyvnukB8d4IAxbSM=",
      "dependencies": {
        "accept": {
          "version": "http://registry.npmjs.org/accept/-/accept-2.1.2.tgz",
          "integrity": "sha1-VRh07Y8saLJwe/8qsl/hNT5GHWs=",
          "dependencies": {
            "boom": {
              "version": "https://registry.npmjs.org/boom/-/boom-3.2.2.tgz",
              "integrity": "sha1-DwzF0ErcUAO4x9cfQsynJx/vDng="
            }
          }
        },
        "ammo": {
          "version": "https://registry.npmjs.org/ammo/-/ammo-2.0.2.tgz",
          "integrity": "sha1-NmxV97xPLyQhjtOk3UuN8TXC5so=",
          "dependencies": {
            "boom": {
              "version": "https://registry.npmjs.org/boom/-/boom-3.2.2.tgz",
              "integrity": "sha1-DwzF0ErcUAO4x9cfQsynJx/vDng="
            }
          }
        },
        "boom": {
          "version": "https://registry.npmjs.org/boom/-/boom-4.0.0.tgz",
          "integrity": "sha1-fllGkmTq3bdP7fvBsWUk1pppRXc="
        },
        "call": {
          "version": "https://registry.npmjs.org/call/-/call-3.0.3.tgz",
          "integrity": "sha1-5HSN27t/Qa5AzuBV+LJwtzO/fI0=",
          "dependencies": {
            "boom": {
              "version": "https://registry.npmjs.org/boom/-/boom-3.2.2.tgz",
              "integrity": "sha1-DwzF0ErcUAO4x9cfQsynJx/vDng="
            }
          }
        },
        "catbox": {
          "version": "https://registry.npmjs.org/catbox/-/catbox-7.1.2.tgz",
          "integrity": "sha1-RnIbHJmWdRP9e36UUXBqBe3+1a0=",
          "dependencies": {
            "boom": {
              "version": "https://registry.npmjs.org/boom/-/boom-3.2.2.tgz",
              "integrity": "sha1-DwzF0ErcUAO4x9cfQsynJx/vDng="
            }
          }
        },
        "catbox-memory": {
          "version": "https://registry.npmjs.org/catbox-memory/-/catbox-memory-2.0.3.tgz",
          "integrity": "sha1-36qcFj+tND2a3W18H9x7Qps2nDg="
        },
        "cryptiles": {
          "version": "http://registry.npmjs.org/cryptiles/-/cryptiles-3.0.2.tgz",
          "integrity": "sha1-7M30qFuHVPFdC1Mg1Kt41A0PokQ=",
          "dependencies": {
            "boom": {
              "version": "https://registry.npmjs.org/boom/-/boom-3.2.2.tgz",
              "integrity": "sha1-DwzF0ErcUAO4x9cfQsynJx/vDng="
            }
          }
        },
        "heavy": {
          "version": "https://registry.npmjs.org/heavy/-/heavy-4.0.2.tgz",
          "integrity": "sha1-27Zs2l8BellPxsgwHfaZnqjVM/A=",
          "dependencies": {
            "boom": {
              "version": "https://registry.npmjs.org/boom/-/boom-3.2.2.tgz",
              "integrity": "sha1-DwzF0ErcUAO4x9cfQsynJx/vDng="
            }
          }
        },
        "hoek": {
          "version": "http://registry.npmjs.org/hoek/-/hoek-4.0.2.tgz",
          "integrity": "sha1-e5afTIoa+KOMosZmxmv6bEL+LN0="
        },
        "iron": {
          "version": "http://registry.npmjs.org/iron/-/iron-4.0.3.tgz",
          "integrity": "sha1-DA0yUmYdihxhS+2e07B32A6g/Xg=",
          "dependencies": {
            "boom": {
              "version": "https://registry.npmjs.org/boom/-/boom-3.2.2.tgz",
              "integrity": "sha1-DwzF0ErcUAO4x9cfQsynJx/vDng="
            }
          }
        },
        "items": {
          "version": "https://registry.npmjs.org/items/-/items-2.1.1.tgz",
          "integrity": "sha1-i9FtnIOxlSneWuoyGsqtp4NkoZg="
        },
        "joi": {
          "version": "https://registry.npmjs.org/joi/-/joi-9.0.4.tgz",
          "integrity": "sha1-iNZIkJFavrEnzXVwJxFtUN8+aN8=",
          "dependencies": {
            "isemail": {
              "version": "https://registry.npmjs.org/isemail/-/isemail-2.2.1.tgz",
              "integrity": "sha1-A1PT2aYpUQgMJiwqoKQrjqjp4qY="
            },
            "moment": {
              "version": "http://registry.npmjs.org/moment/-/moment-2.14.1.tgz",
              "integrity": "sha1-s1snxH5X7S3ccAU9awe+zbKRdBw="
            }
          }
        },
        "mimos": {
          "version": "https://registry.npmjs.org/mimos/-/mimos-3.0.3.tgz",
          "integrity": "sha1-uRCQcq03jCty9qAQHEPd+ys2ZB8=",
          "dependencies": {
            "mime-db": {
              "version": "https://registry.npmjs.org/mime-db/-/mime-db-1.23.0.tgz",
              "integrity": "sha1-oxtAcK2uon1zLqMzdApk0OyaZlk="
            }
          }
        },
        "podium": {
          "version": "https://registry.npmjs.org/podium/-/podium-1.2.3.tgz",
          "integrity": "sha1-XJW3zC9ch90yTgrUqTY6xi1ms3E="
        },
        "shot": {
          "version": "https://registry.npmjs.org/shot/-/shot-3.3.2.tgz",
          "integrity": "sha1-aRwmEXWd7MIEh7INJcwpnznl+bc="
        },
        "statehood": {
          "version": "https://registry.npmjs.org/statehood/-/statehood-5.0.0.tgz",
          "integrity": "sha1-ziKFqr6uOYrofLunRhhLdZm4+jE=",
          "dependencies": {
            "boom": {
              "version": "https://registry.npmjs.org/boom/-/boom-3.2.2.tgz",
              "integrity": "sha1-DwzF0ErcUAO4x9cfQsynJx/vDng="
            }
          }
        },
        "subtext": {
          "version": "http://registry.npmjs.org/subtext/-/subtext-4.3.0.tgz",
          "integrity": "sha1-36yQSS7DVmn9bgDG5dk4sG18z7s=",
          "dependencies": {
            "content": {
              "version": "https://registry.npmjs.org/content/-/content-3.0.2.tgz",
              "integrity": "sha1-8di0w6uyHqTA4hc/Q6wCKaTtbRw=",
              "dependencies": {
                "boom": {
                  "version": "https://registry.npmjs.org/boom/-/boom-3.2.2.tgz",
                  "integrity": "sha1-DwzF0ErcUAO4x9cfQsynJx/vDng="
                }
              }
            },
            "pez": {
              "version": "https://registry.npmjs.org/pez/-/pez-2.1.2.tgz",
              "integrity": "sha1-0dEjcXkqVYluI+IeUJxAle0IHbI=",
              "dependencies": {
                "b64": {
                  "version": "https://registry.npmjs.org/b64/-/b64-3.0.2.tgz",
                  "integrity": "sha1-ep1gRmrfe43hFMvfZRpf38yQiU0="
                },
                "boom": {
                  "version": "https://registry.npmjs.org/boom/-/boom-3.2.2.tgz",
                  "integrity": "sha1-DwzF0ErcUAO4x9cfQsynJx/vDng="
                },
                "nigel": {
                  "version": "https://registry.npmjs.org/nigel/-/nigel-2.0.2.tgz",
                  "integrity": "sha1-k6GGb7DFLYc5CqdeKxYfS1x15bE=",
                  "dependencies": {
                    "vise": {
                      "version": "https://registry.npmjs.org/vise/-/vise-2.0.2.tgz",
                      "integrity": "sha1-awjo+0y3bjpQzW3Q7DczjoEaDTk="
                    }
                  }
                }
              }
            },
            "wreck": {
              "version": "http://registry.npmjs.org/wreck/-/wreck-10.0.0.tgz",
              "integrity": "sha1-mKuIL4XhalJjMlB/EB9aeEEWIng="
            }
          }
        },
        "topo": {
          "version": "https://registry.npmjs.org/topo/-/topo-2.0.2.tgz",
          "integrity": "sha1-zVYVdSU5BXwNwEkaYhw7xvvh0YI="
        }
      }
    },
    "inherits": {
      "version": "https://registry.npmjs.org/inherits/-/inherits-2.0.3.tgz",
      "integrity": "sha1-Yzwsg+PaQqUC9SRmAiSA9CCCYd4="
    },
    "isarray": {
      "version": "https://registry.npmjs.org/isarray/-/isarray-1.0.0.tgz",
      "integrity": "sha1-u5NdSFgsuhaMBoNJV6VKPgcSTxE="
    },
    "items": {
      "version": "2.1.1",
      "resolved": "https://registry.npmjs.org/items/-/items-2.1.1.tgz",
      "integrity": "sha1-i9FtnIOxlSneWuoyGsqtp4NkoZg="
    },
    "joi": {
      "version": "9.2.0",
      "resolved": "https://registry.npmjs.org/joi/-/joi-9.2.0.tgz",
      "integrity": "sha1-M4WseQGSEwy+Iw6ALsAskhW7/to=",
      "dependencies": {
        "hoek": {
          "version": "4.2.0",
          "resolved": "https://registry.npmjs.org/hoek/-/hoek-4.2.0.tgz",
          "integrity": "sha512-v0XCLxICi9nPfYrS9RL8HbYnXi9obYAeLbSP00BmnZwCK9+Ih9WOjoZ8YoHCoav2csqn4FOz4Orldsy2dmDwmQ=="
        },
        "isemail": {
          "version": "2.2.1",
          "resolved": "https://registry.npmjs.org/isemail/-/isemail-2.2.1.tgz",
          "integrity": "sha1-A1PT2aYpUQgMJiwqoKQrjqjp4qY="
        },
        "topo": {
          "version": "2.0.2",
          "resolved": "https://registry.npmjs.org/topo/-/topo-2.0.2.tgz",
          "integrity": "sha1-zVYVdSU5BXwNwEkaYhw7xvvh0YI="
        }
      }
    },
    "lodash": {
      "version": "4.17.4",
      "resolved": "https://registry.npmjs.org/lodash/-/lodash-4.17.4.tgz",
      "integrity": "sha1-eCA6TRwyiuHYbcpkYONptX9AVa4="
    },
    "moment": {
      "version": "https://registry.npmjs.org/moment/-/moment-2.15.1.tgz",
      "integrity": "sha1-6XnCop4iiI5g85byIgphGPhc2Uw="
    },
    "mongoose": {
      "version": "4.11.7",
      "resolved": "https://registry.npmjs.org/mongoose/-/mongoose-4.11.7.tgz",
      "integrity": "sha512-tRYcThB+qx8yzVdG7rY8mlBUrF5CEJADl4Vlp3MMI9vVpgyFtOJfC2/IZiGmNFNThJjNIESBUxgoFrCRVDcLCw==",
      "dependencies": {
        "async": {
          "version": "2.1.4",
          "resolved": "https://registry.npmjs.org/async/-/async-2.1.4.tgz",
          "integrity": "sha1-LSFgx3iAMuTdbL4lAvH5osj2zeQ="
        },
        "bson": {
          "version": "1.0.4",
          "resolved": "https://registry.npmjs.org/bson/-/bson-1.0.4.tgz",
          "integrity": "sha1-k8ENOeqltYQVy8QFLz5T5WKwtyw="
        },
        "debug": {
          "version": "2.6.8",
          "resolved": "https://registry.npmjs.org/debug/-/debug-2.6.8.tgz",
          "integrity": "sha1-5zFTHKLt4n0YgiJCfaF4IdaP9Pw="
        },
        "hooks-fixed": {
          "version": "2.0.0",
          "resolved": "https://registry.npmjs.org/hooks-fixed/-/hooks-fixed-2.0.0.tgz",
          "integrity": "sha1-oB2JTVKsf2WZu7H2PfycQR33DLo="
        },
        "kareem": {
          "version": "1.5.0",
          "resolved": "https://registry.npmjs.org/kareem/-/kareem-1.5.0.tgz",
          "integrity": "sha1-4+QQHZ3P3imXadr0tNtk2JXRdEg="
        },
        "mongodb": {
          "version": "2.2.31",
          "resolved": "https://registry.npmjs.org/mongodb/-/mongodb-2.2.31.tgz",
          "integrity": "sha1-GUBEXGYeGSF7s7+CRdmFSq71SNs="
        },
        "mongodb-core": {
          "version": "2.1.15",
          "resolved": "https://registry.npmjs.org/mongodb-core/-/mongodb-core-2.1.15.tgz",
          "integrity": "sha1-hB9TuH//9MdFgYnDXIroJ+EWl2Q="
        },
        "mpath": {
          "version": "0.3.0",
          "resolved": "https://registry.npmjs.org/mpath/-/mpath-0.3.0.tgz",
          "integrity": "sha1-elj3iem1/TyUUgY0FXlg8mvV70Q="
        },
        "mquery": {
          "version": "2.3.1",
          "resolved": "https://registry.npmjs.org/mquery/-/mquery-2.3.1.tgz",
          "integrity": "sha1-mrNnSXFIAP8LtTpoHOS8TV8HyHs=",
          "dependencies": {
            "sliced": {
              "version": "0.0.5",
              "resolved": "https://registry.npmjs.org/sliced/-/sliced-0.0.5.tgz",
              "integrity": "sha1-XtwETKTrb3gW1Qui/GPiXY/kcH8="
            }
          }
        },
        "ms": {
          "version": "2.0.0",
          "resolved": "https://registry.npmjs.org/ms/-/ms-2.0.0.tgz",
          "integrity": "sha1-VgiurfwAvmwpAd9fmGF4jeDVl8g="
        },
        "muri": {
          "version": "1.2.2",
          "resolved": "https://registry.npmjs.org/muri/-/muri-1.2.2.tgz",
          "integrity": "sha1-YxmBMmUNsIoEzHnM0A3Tia/SYxw="
        },
        "readable-stream": {
          "version": "2.2.7",
          "resolved": "https://registry.npmjs.org/readable-stream/-/readable-stream-2.2.7.tgz",
          "integrity": "sha1-BwV6y+JGeyIELTb5jFrVBwVOlbE="
        },
        "string_decoder": {
          "version": "1.0.3",
          "resolved": "https://registry.npmjs.org/string_decoder/-/string_decoder-1.0.3.tgz",
          "integrity": "sha512-4AH6Z5fzNNBcH+6XDMfA/BTt87skxqJlO0lAh3Dker5zThcAxG6mKz+iGu308UKoPPQ8Dcqx/4JhujzltRa+hQ=="
        }
      }
    },
    "mongoose-sequenceid": {
      "version": "https://registry.npmjs.org/mongoose-sequenceid/-/mongoose-sequenceid-0.0.3.tgz",
      "integrity": "sha1-TPrar9WV9aKFY2q6rn+p3E4rKRo="
    },
    "mongoose-softdelete": {
      "version": "https://registry.npm.taobao.org/mongoose-softdelete/download/mongoose-softdelete-0.6.3.tgz",
      "integrity": "sha1-gbRSwb/TGH03Xdqo+8tAIpN0nzY="
    },
    "mpromise": {
      "version": "https://registry.npm.taobao.org/mpromise/download/mpromise-0.5.5.tgz",
      "integrity": "sha1-9bJCWddjrMIlewoMjG2Gb9UXMuY="
    },
    "power-assert": {
      "version": "http://registry.npmjs.org/power-assert/-/power-assert-1.0.1.tgz",
      "integrity": "sha1-Y9tKoMUxQBrPw+bXlpigpqj1Dck="
    },
    "power-assert-context-formatter": {
      "version": "http://registry.npmjs.org/power-assert-context-formatter/-/power-assert-context-formatter-1.1.0.tgz",
      "integrity": "sha1-hewV7CQwlSjvGiMD0shuREI80Y8="
    },
    "power-assert-context-reducer-ast": {
      "version": "http://registry.npmjs.org/power-assert-context-reducer-ast/-/power-assert-context-reducer-ast-1.1.0.tgz",
      "integrity": "sha1-eh3KmhKZZ7kYWmnQjrZOy+pNyRU="
    },
    "power-assert-context-traversal": {
      "version": "http://registry.npmjs.org/power-assert-context-traversal/-/power-assert-context-traversal-1.1.0.tgz",
      "integrity": "sha1-2BWXV0WibZKA7DY2JcgZZC7fAmQ="
    },
    "power-assert-formatter": {
      "version": "http://registry.npmjs.org/power-assert-formatter/-/power-assert-formatter-1.4.1.tgz",
      "integrity": "sha1-XcEl7VCj37HdomwZNH879Y7CiEo="
    },
    "power-assert-renderer-assertion": {
      "version": "http://registry.npmjs.org/power-assert-renderer-assertion/-/power-assert-renderer-assertion-1.1.0.tgz",
      "integrity": "sha1-5RLEm92jD5BdYB0dEffgCUtlesM="
    },
    "power-assert-renderer-base": {
      "version": "http://registry.npmjs.org/power-assert-renderer-base/-/power-assert-renderer-base-1.1.0.tgz",
      "integrity": "sha1-3owBMsX/Qsyqs5A0SH1cML2hVKU="
    },
    "power-assert-renderer-comparison": {
      "version": "http://registry.npmjs.org/power-assert-renderer-comparison/-/power-assert-renderer-comparison-1.1.0.tgz",
      "integrity": "sha1-tq54c95grvYSosw8FbkVIeflPTg="
    },
    "power-assert-renderer-diagram": {
      "version": "http://registry.npmjs.org/power-assert-renderer-diagram/-/power-assert-renderer-diagram-1.1.0.tgz",
      "integrity": "sha1-keKEWPunVMuXftgf4G0+7kMz8U0="
    },
    "power-assert-renderer-file": {
      "version": "http://registry.npmjs.org/power-assert-renderer-file/-/power-assert-renderer-file-1.1.0.tgz",
      "integrity": "sha1-IbpC7CbQG4vHUB8+9dz551CWQ1k="
    },
    "power-assert-util-string-width": {
      "version": "http://registry.npmjs.org/power-assert-util-string-width/-/power-assert-util-string-width-1.1.0.tgz",
      "integrity": "sha1-Y9LHFMDN243ODg18xfmFG+lN3Zg="
    },
    "process-nextick-args": {
      "version": "https://registry.npmjs.org/process-nextick-args/-/process-nextick-args-1.0.7.tgz",
      "integrity": "sha1-FQ4gt1ZZCtP5EJPyWk8q2L/zC6M="
    },
    "regexp-clone": {
      "version": "https://registry.npm.taobao.org/regexp-clone/download/regexp-clone-0.0.1.tgz",
      "integrity": "sha1-p8LgmJH9vzj7sQ03b7cwA+aKxYk="
    },
    "require_optional": {
      "version": "https://registry.npm.taobao.org/require_optional/download/require_optional-1.0.0.tgz",
      "integrity": "sha1-UqhhN6hJco62ClVTNhf4+RT1mr8="
    },
    "require-all": {
      "version": "2.2.0",
      "resolved": "https://registry.npmjs.org/require-all/-/require-all-2.2.0.tgz",
      "integrity": "sha1-tEIMIzrAKC0P9Jsnf7iAqLXeCJQ="
    },
    "resolve-from": {
      "version": "https://registry.npmjs.org/resolve-from/-/resolve-from-2.0.0.tgz",
      "integrity": "sha1-lICrIOlP+h2egKgEx+oUdhGWa1c="
    },
    "safe-buffer": {
      "version": "5.1.1",
      "resolved": "https://registry.npmjs.org/safe-buffer/-/safe-buffer-5.1.1.tgz",
      "integrity": "sha512-kKvNJn6Mm93gAczWVJg7wH+wGYWNrDHdWvpUmHyEsgCtIwwo3bqPtV4tR5tuPaUhTOo/kvhVwd8XwwOllGYkbg=="
    },
    "semver": {
      "version": "https://registry.npmjs.org/semver/-/semver-5.3.0.tgz",
      "integrity": "sha1-myzl094C0XxgEq0yaqa00M9U+U8="
    },
    "sliced": {
      "version": "https://registry.npm.taobao.org/sliced/download/sliced-1.0.1.tgz",
      "integrity": "sha1-CzpmK10Ewxd7GSa+qCsD+Dei70E="
    },
    "stringifier": {
      "version": "http://registry.npmjs.org/stringifier/-/stringifier-1.3.0.tgz",
      "integrity": "sha1-3vGDQvaTPbDy2/yaoCF1tEjBeVk="
    },
    "traverse": {
      "version": "https://registry.npmjs.org/traverse/-/traverse-0.6.6.tgz",
      "integrity": "sha1-y99WD9e5r2MlAv7UD5GMFX6pcTc="
    },
    "type-name": {
      "version": "http://registry.npmjs.org/type-name/-/type-name-2.0.2.tgz",
      "integrity": "sha1-7+fUEj2KxSr/9/QMfk3sUmYAj7Q="
    },
    "util-deprecate": {
      "version": "https://registry.npmjs.org/util-deprecate/-/util-deprecate-1.0.2.tgz",
      "integrity": "sha1-RQ1Nyfpw3nMnYvvS1KKJgUGaDM8="
    },
    "xtend": {
      "version": "https://registry.npmjs.org/xtend/-/xtend-4.0.1.tgz",
      "integrity": "sha1-pcbVMr5lbiPbgg77lDofBJmNY68="
    }
  }
}
